
Microsoft Visual Studio Solution File, Format Version 12.00
# Visual Studio Version 17
VisualStudioVersion = 17.11.35222.181
MinimumVisualStudioVersion = 10.0.40219.1
Project("{FAE04EC0-301F-11D3-BF4B-00C04F79EFBC}") = "sportolok_20241003", "sportolok_20241003.csproj", "{C4753095-A707-4C55-826C-078D19B3FCA9}"
EndProject
Global
	GlobalSection(SolutionConfigurationPlatforms) = preSolution
		Debug|Any CPU = Debug|Any CPU
		Release|Any CPU = Release|Any CPU
	EndGlobalSection
	GlobalSection(ProjectConfigurationPlatforms) = postSolution
		{C4753095-A707-4C55-826C-078D19B3FCA9}.Debug|Any CPU.ActiveCfg = Debug|Any CPU
		{C4753095-A707-4C55-826C-078D19B3FCA9}.Debug|Any CPU.Build.0 = Debug|Any CPU
		{C4753095-A707-4C55-826C-078D19B3FCA9}.Release|Any CPU.ActiveCfg = Release|Any CPU
		{C4753095-A707-4C55-826C-078D19B3FCA9}.Release|Any CPU.Build.0 = Release|Any CPU
	EndGlobalSection
	GlobalSection(SolutionProperties) = preSolution
		HideSolutionNode = FALSE
	EndGlobalSection
	GlobalSection(ExtensibilityGlobals) = postSolution
		SolutionGuid = {A8576A82-3789-49A8-84CA-DE7A7678D922}
	EndGlobalSection
EndGlobal
